
Microsoft Visual Studio Solution File, Format Version 12.00
# Visual Studio Version 17
VisualStudioVersion = 17.14.36603.0 d17.14
MinimumVisualStudioVersion = 10.0.40219.1
Project("{FAE04EC0-301F-11D3-BF4B-00C04F79EFBC}") = "Practica 18", "Practica 18\Practica 18.csproj", "{F3051093-7DBB-4EC1-895D-A1FF9C514CF0}"
EndProject
Global
	GlobalSection(SolutionConfigurationPlatforms) = preSolution
		Debug|Any CPU = Debug|Any CPU
		Release|Any CPU = Release|Any CPU
	EndGlobalSection
	GlobalSection(ProjectConfigurationPlatforms) = postSolution
		{F3051093-7DBB-4EC1-895D-A1FF9C514CF0}.Debug|Any CPU.ActiveCfg = Debug|Any CPU
		{F3051093-7DBB-4EC1-895D-A1FF9C514CF0}.Debug|Any CPU.Build.0 = Debug|Any CPU
		{F3051093-7DBB-4EC1-895D-A1FF9C514CF0}.Release|Any CPU.ActiveCfg = Release|Any CPU
		{F3051093-7DBB-4EC1-895D-A1FF9C514CF0}.Release|Any CPU.Build.0 = Release|Any CPU
	EndGlobalSection
	GlobalSection(SolutionProperties) = preSolution
		HideSolutionNode = FALSE
	EndGlobalSection
	GlobalSection(ExtensibilityGlobals) = postSolution
		SolutionGuid = {3178A87E-3576-4023-9A9E-8AD873472EAE}
	EndGlobalSection
EndGlobal
